
Microsoft Visual Studio Solution File, Format Version 12.00
# Visual Studio Version 17
VisualStudioVersion = 17.0.31903.59
MinimumVisualStudioVersion = 10.0.40219.1
Project("{2150E333-8FDC-42A3-9474-1A3956D46DE8}") = "src", "src", "{97D83DA0-A44C-44C3-B0C0-38152C2528C9}"
EndProject
Project("{FAE04EC0-301F-11D3-BF4B-00C04F79EFBC}") = "OpenIddictServerlessDemo", "src\OpenIddictServerlessDemo\OpenIddictServerlessDemo.csproj", "{FA64D445-995B-4BD1-BC58-0EDECCA50C61}"
EndProject
Project("{FAE04EC0-301F-11D3-BF4B-00C04F79EFBC}") = "GenerateCertificates", "src\GenerateCertificates\GenerateCertificates.csproj", "{8C2F3329-D15C-435F-851D-47C7920B91E2}"
EndProject
Global
	GlobalSection(SolutionConfigurationPlatforms) = preSolution
		Debug|Any CPU = Debug|Any CPU
		Release|Any CPU = Release|Any CPU
	EndGlobalSection
	GlobalSection(SolutionProperties) = preSolution
		HideSolutionNode = FALSE
	EndGlobalSection
	GlobalSection(ProjectConfigurationPlatforms) = postSolution
		{FA64D445-995B-4BD1-BC58-0EDECCA50C61}.Debug|Any CPU.ActiveCfg = Debug|Any CPU
		{FA64D445-995B-4BD1-BC58-0EDECCA50C61}.Debug|Any CPU.Build.0 = Debug|Any CPU
		{FA64D445-995B-4BD1-BC58-0EDECCA50C61}.Release|Any CPU.ActiveCfg = Release|Any CPU
		{FA64D445-995B-4BD1-BC58-0EDECCA50C61}.Release|Any CPU.Build.0 = Release|Any CPU
		{8C2F3329-D15C-435F-851D-47C7920B91E2}.Debug|Any CPU.ActiveCfg = Debug|Any CPU
		{8C2F3329-D15C-435F-851D-47C7920B91E2}.Debug|Any CPU.Build.0 = Debug|Any CPU
		{8C2F3329-D15C-435F-851D-47C7920B91E2}.Release|Any CPU.ActiveCfg = Release|Any CPU
		{8C2F3329-D15C-435F-851D-47C7920B91E2}.Release|Any CPU.Build.0 = Release|Any CPU
	EndGlobalSection
	GlobalSection(NestedProjects) = preSolution
		{FA64D445-995B-4BD1-BC58-0EDECCA50C61} = {97D83DA0-A44C-44C3-B0C0-38152C2528C9}
		{8C2F3329-D15C-435F-851D-47C7920B91E2} = {97D83DA0-A44C-44C3-B0C0-38152C2528C9}
	EndGlobalSection
EndGlobal
